
Microsoft Visual Studio Solution File, Format Version 12.00
# Visual Studio 15
VisualStudioVersion = 15.0.28307.1062
MinimumVisualStudioVersion = 10.0.40219.1
Project("{8BC9CEB8-8B4A-11D0-8D11-00A0C91BC942}") = "lab1", "lab1\lab1.vcxproj", "{F67172A4-7CCD-4F82-9106-F1CA427ED8ED}"
EndProject
Project("{8BC9CEB8-8B4A-11D0-8D11-00A0C91BC942}") = "lab2", "lab2\lab2.vcxproj", "{5CB39699-2576-40DA-854D-A12C45F5999F}"
EndProject
Global
	GlobalSection(SolutionConfigurationPlatforms) = preSolution
		Debug|x64 = Debug|x64
		Debug|x86 = Debug|x86
		Release|x64 = Release|x64
		Release|x86 = Release|x86
	EndGlobalSection
	GlobalSection(ProjectConfigurationPlatforms) = postSolution
		{F67172A4-7CCD-4F82-9106-F1CA427ED8ED}.Debug|x64.ActiveCfg = Debug|x64
		{F67172A4-7CCD-4F82-9106-F1CA427ED8ED}.Debug|x64.Build.0 = Debug|x64
		{F67172A4-7CCD-4F82-9106-F1CA427ED8ED}.Debug|x86.ActiveCfg = Debug|Win32
		{F67172A4-7CCD-4F82-9106-F1CA427ED8ED}.Debug|x86.Build.0 = Debug|Win32
		{F67172A4-7CCD-4F82-9106-F1CA427ED8ED}.Release|x64.ActiveCfg = Release|x64
		{F67172A4-7CCD-4F82-9106-F1CA427ED8ED}.Release|x64.Build.0 = Release|x64
		{F67172A4-7CCD-4F82-9106-F1CA427ED8ED}.Release|x86.ActiveCfg = Release|Win32
		{F67172A4-7CCD-4F82-9106-F1CA427ED8ED}.Release|x86.Build.0 = Release|Win32
		{5CB39699-2576-40DA-854D-A12C45F5999F}.Debug|x64.ActiveCfg = Debug|x64
		{5CB39699-2576-40DA-854D-A12C45F5999F}.Debug|x64.Build.0 = Debug|x64
		{5CB39699-2576-40DA-854D-A12C45F5999F}.Debug|x86.ActiveCfg = Debug|Win32
		{5CB39699-2576-40DA-854D-A12C45F5999F}.Debug|x86.Build.0 = Debug|Win32
		{5CB39699-2576-40DA-854D-A12C45F5999F}.Release|x64.ActiveCfg = Release|x64
		{5CB39699-2576-40DA-854D-A12C45F5999F}.Release|x64.Build.0 = Release|x64
		{5CB39699-2576-40DA-854D-A12C45F5999F}.Release|x86.ActiveCfg = Release|Win32
		{5CB39699-2576-40DA-854D-A12C45F5999F}.Release|x86.Build.0 = Release|Win32
	EndGlobalSection
	GlobalSection(SolutionProperties) = preSolution
		HideSolutionNode = FALSE
	EndGlobalSection
	GlobalSection(ExtensibilityGlobals) = postSolution
		SolutionGuid = {814E632A-6397-4DD9-B0DC-2AA6AA48D764}
	EndGlobalSection
EndGlobal
